
Microsoft Visual Studio Solution File, Format Version 12.00
# Visual Studio Version 16
VisualStudioVersion = 16.0.30503.244
MinimumVisualStudioVersion = 10.0.40219.1
Project("{9A19103F-16F7-4668-BE54-9A1E7A4F7556}") = "CityInfo.API", "CityInfo.API\CityInfo.API.csproj", "{0C2B7F37-FD3E-4902-BDF5-9969FB1574D4}"
EndProject
Project("{9A19103F-16F7-4668-BE54-9A1E7A4F7556}") = "CityInfo.BL", "CityInfo.BL\CityInfo.BL.csproj", "{554F8807-4BFA-4DB8-8B7C-3B00CF4374E2}"
EndProject
Project("{9A19103F-16F7-4668-BE54-9A1E7A4F7556}") = "CityInfo.Data", "CityInfo.Data\CityInfo.Data.csproj", "{88A527C8-D34E-48C1-8B67-F5EA2184C48E}"
EndProject
Project("{FAE04EC0-301F-11D3-BF4B-00C04F79EFBC}") = "CityInfo.Test", "CityInfo.Test\CityInfo.Test.csproj", "{7DE3381F-6F96-41A1-AEF8-68BB5C808673}"
EndProject
Global
	GlobalSection(SolutionConfigurationPlatforms) = preSolution
		Debug|Any CPU = Debug|Any CPU
		Release|Any CPU = Release|Any CPU
	EndGlobalSection
	GlobalSection(ProjectConfigurationPlatforms) = postSolution
		{0C2B7F37-FD3E-4902-BDF5-9969FB1574D4}.Debug|Any CPU.ActiveCfg = Debug|Any CPU
		{0C2B7F37-FD3E-4902-BDF5-9969FB1574D4}.Debug|Any CPU.Build.0 = Debug|Any CPU
		{0C2B7F37-FD3E-4902-BDF5-9969FB1574D4}.Release|Any CPU.ActiveCfg = Release|Any CPU
		{0C2B7F37-FD3E-4902-BDF5-9969FB1574D4}.Release|Any CPU.Build.0 = Release|Any CPU
		{554F8807-4BFA-4DB8-8B7C-3B00CF4374E2}.Debug|Any CPU.ActiveCfg = Debug|Any CPU
		{554F8807-4BFA-4DB8-8B7C-3B00CF4374E2}.Debug|Any CPU.Build.0 = Debug|Any CPU
		{554F8807-4BFA-4DB8-8B7C-3B00CF4374E2}.Release|Any CPU.ActiveCfg = Release|Any CPU
		{554F8807-4BFA-4DB8-8B7C-3B00CF4374E2}.Release|Any CPU.Build.0 = Release|Any CPU
		{88A527C8-D34E-48C1-8B67-F5EA2184C48E}.Debug|Any CPU.ActiveCfg = Debug|Any CPU
		{88A527C8-D34E-48C1-8B67-F5EA2184C48E}.Debug|Any CPU.Build.0 = Debug|Any CPU
		{88A527C8-D34E-48C1-8B67-F5EA2184C48E}.Release|Any CPU.ActiveCfg = Release|Any CPU
		{88A527C8-D34E-48C1-8B67-F5EA2184C48E}.Release|Any CPU.Build.0 = Release|Any CPU
		{7DE3381F-6F96-41A1-AEF8-68BB5C808673}.Debug|Any CPU.ActiveCfg = Debug|Any CPU
		{7DE3381F-6F96-41A1-AEF8-68BB5C808673}.Debug|Any CPU.Build.0 = Debug|Any CPU
		{7DE3381F-6F96-41A1-AEF8-68BB5C808673}.Release|Any CPU.ActiveCfg = Release|Any CPU
		{7DE3381F-6F96-41A1-AEF8-68BB5C808673}.Release|Any CPU.Build.0 = Release|Any CPU
	EndGlobalSection
	GlobalSection(SolutionProperties) = preSolution
		HideSolutionNode = FALSE
	EndGlobalSection
	GlobalSection(ExtensibilityGlobals) = postSolution
		SolutionGuid = {857CDA59-83F4-445C-B51D-2D47A4E2532A}
	EndGlobalSection
EndGlobal
